// !$*UTF8*$!
{
	archiveVersion = 1;
	classes = {
	};
	objectVersion = 46;
	objects = {

/* Begin PBXBuildFile section */
		140A98231B1F004F005034F0 /* AddItemViewController.swift in Sources */ = {isa = PBXBuildFile; fileRef = 140A98221B1F004F005034F0 /* AddItemViewController.swift */; };
		142DEB481B1DA59500DC84DC /* ChecklistItem.swift in Sources */ = {isa = PBXBuildFile; fileRef = 142DEB471B1DA59500DC84DC /* ChecklistItem.swift */; };
		146AB2BE1B1467B600A1FF04 /* AppDelegate.swift in Sources */ = {isa = PBXBuildFile; fileRef = 146AB2BD1B1467B600A1FF04 /* AppDelegate.swift */; };
		146AB2C01B1467B600A1FF04 /* ChecklistViewController.swift in Sources */ = {isa = PBXBuildFile; fileRef = 146AB2BF1B1467B600A1FF04 /* ChecklistViewController.swift */; };
		146AB2C31B1467B600A1FF04 /* Main.storyboard in Resources */ = {isa = PBXBuildFile; fileRef = 146AB2C11B1467B600A1FF04 /* Main.storyboard */; };
		146AB2C51B1467B600A1FF04 /* Images.xcassets in Resources */ = {isa = PBXBuildFile; fileRef = 146AB2C41B1467B600A1FF04 /* Images.xcassets */; };
		146AB2C81B1467B600A1FF04 /* LaunchScreen.xib in Resources */ = {isa = PBXBuildFile; fileRef = 146AB2C61B1467B600A1FF04 /* LaunchScreen.xib */; };
		146AB2D41B1467B600A1FF04 /* S2Tests.swift in Sources */ = {isa = PBXBuildFile; fileRef = 146AB2D31B1467B600A1FF04 /* S2Tests.swift */; };
/* End PBXBuildFile section */

/* Begin PBXContainerItemProxy section */
		146AB2CE1B1467B600A1FF04 /* PBXContainerItemProxy */ = {
			isa = PBXContainerItemProxy;
			containerPortal = 146AB2B01B1467B600A1FF04 /* Project object */;
			proxyType = 1;
			remoteGlobalIDString = 146AB2B71B1467B600A1FF04;
			remoteInfo = S2;
		};
/* End PBXContainerItemProxy section */

/* Begin PBXFileReference section */
		140A98221B1F004F005034F0 /* AddItemViewController.swift */ = {isa = PBXFileReference; fileEncoding = 4; lastKnownFileType = sourcecode.swift; path = AddItemViewController.swift; sourceTree = "<group>"; };
		142DEB471B1DA59500DC84DC /* ChecklistItem.swift */ = {isa = PBXFileReference; fileEncoding = 4; lastKnownFileType = sourcecode.swift; path = ChecklistItem.swift; sourceTree = "<group>"; };
		146AB2B81B1467B600A1FF04 /* S2.app */ = {isa = PBXFileReference; explicitFileType = wrapper.application; includeInIndex = 0; path = S2.app; sourceTree = BUILT_PRODUCTS_DIR; };
		146AB2BC1B1467B600A1FF04 /* Info.plist */ = {isa = PBXFileReference; lastKnownFileType = text.plist.xml; path = Info.plist; sourceTree = "<group>"; };
		146AB2BD1B1467B600A1FF04 /* AppDelegate.swift */ = {isa = PBXFileReference; lastKnownFileType = sourcecode.swift; path = AppDelegate.swift; sourceTree = "<group>"; };
		146AB2BF1B1467B600A1FF04 /* ChecklistViewController.swift */ = {isa = PBXFileReference; lastKnownFileType = sourcecode.swift; path = ChecklistViewController.swift; sourceTree = "<group>"; };
		146AB2C21B1467B600A1FF04 /* Base */ = {isa = PBXFileReference; lastKnownFileType = file.storyboard; name = Base; path = Base.lproj/Main.storyboard; sourceTree = "<group>"; };
		146AB2C41B1467B600A1FF04 /* Images.xcassets */ = {isa = PBXFileReference; lastKnownFileType = folder.assetcatalog; path = Images.xcassets; sourceTree = "<group>"; };
		146AB2C71B1467B600A1FF04 /* Base */ = {isa = PBXFileReference; lastKnownFileType = file.xib; name = Base; path = Base.lproj/LaunchScreen.xib; sourceTree = "<group>"; };
		146AB2CD1B1467B600A1FF04 /* S2Tests.xctest */ = {isa = PBXFileReference; explicitFileType = wrapper.cfbundle; includeInIndex = 0; path = S2Tests.xctest; sourceTree = BUILT_PRODUCTS_DIR; };
		146AB2D21B1467B600A1FF04 /* Info.plist */ = {isa = PBXFileReference; lastKnownFileType = text.plist.xml; path = Info.plist; sourceTree = "<group>"; };
		146AB2D31B1467B600A1FF04 /* S2Tests.swift */ = {isa = PBXFileReference; lastKnownFileType = sourcecode.swift; path = S2Tests.swift; sourceTree = "<group>"; };
/* End PBXFileReference section */

/* Begin PBXFrameworksBuildPhase section */
		146AB2B51B1467B600A1FF04 /* Frameworks */ = {
			isa = PBXFrameworksBuildPhase;
			buildActionMask = 2147483647;
			files = (
			);
			runOnlyForDeploymentPostprocessing = 0;
		};
		146AB2CA1B1467B600A1FF04 /* Frameworks */ = {
			isa = PBXFrameworksBuildPhase;
			buildActionMask = 2147483647;
			files = (
			);
			runOnlyForDeploymentPostprocessing = 0;
		};
/* End PBXFrameworksBuildPhase section */

/* Begin PBXGroup section */
		146AB2AF1B1467B600A1FF04 = {
			isa = PBXGroup;
			children = (
				146AB2BA1B1467B600A1FF04 /* S2 */,
				146AB2D01B1467B600A1FF04 /* S2Tests */,
				146AB2B91B1467B600A1FF04 /* Products */,
			);
			sourceTree = "<group>";
		};
		146AB2B91B1467B600A1FF04 /* Products */ = {
			isa = PBXGroup;
			children = (
				146AB2B81B1467B600A1FF04 /* S2.app */,
				146AB2CD1B1467B600A1FF04 /* S2Tests.xctest */,
			);
			name = Products;
			sourceTree = "<group>";
		};
		146AB2BA1B1467B600A1FF04 /* S2 */ = {
			isa = PBXGroup;
			children = (
				146AB2BD1B1467B600A1FF04 /* AppDelegate.swift */,
				142DEB471B1DA59500DC84DC /* ChecklistItem.swift */,
				146AB2C11B1467B600A1FF04 /* Main.storyboard */,
				146AB2BF1B1467B600A1FF04 /* ChecklistViewController.swift */,
				140A98221B1F004F005034F0 /* AddItemViewController.swift */,
				146AB2C41B1467B600A1FF04 /* Images.xcassets */,
				146AB2C61B1467B600A1FF04 /* LaunchScreen.xib */,
				146AB2BB1B1467B600A1FF04 /* Supporting Files */,
			);
			path = S2;
			sourceTree = "<group>";
		};
		146AB2BB1B1467B600A1FF04 /* Supporting Files */ = {
			isa = PBXGroup;
			children = (
				146AB2BC1B1467B600A1FF04 /* Info.plist */,
			);
			name = "Supporting Files";
			sourceTree = "<group>";
		};
		146AB2D01B1467B600A1FF04 /* S2Tests */ = {
			isa = PBXGroup;
			children = (
				146AB2D31B1467B600A1FF04 /* S2Tests.swift */,
				146AB2D11B1467B600A1FF04 /* Supporting Files */,
			);
			path = S2Tests;
			sourceTree = "<group>";
		};
		146AB2D11B1467B600A1FF04 /* Supporting Files */ = {
			isa = PBXGroup;
			children = (
				146AB2D21B1467B600A1FF04 /* Info.plist */,
			);
			name = "Supporting Files";
			sourceTree = "<group>";
		};
/* End PBXGroup section */

/* Begin PBXNativeTarget section */
		146AB2B71B1467B600A1FF04 /* S2 */ = {
			isa = PBXNativeTarget;
			buildConfigurationList = 146AB2D71B1467B600A1FF04 /* Build configuration list for PBXNativeTarget "S2" */;
			buildPhases = (
				146AB2B41B1467B600A1FF04 /* Sources */,
				146AB2B51B1467B600A1FF04 /* Frameworks */,
				146AB2B61B1467B600A1FF04 /* Resources */,
			);
			buildRules = (
			);
			dependencies = (
			);
			name = S2;
			productName = S2;
			productReference = 146AB2B81B1467B600A1FF04 /* S2.app */;
			productType = "com.apple.product-type.application";
		};
		146AB2CC1B1467B600A1FF04 /* S2Tests */ = {
			isa = PBXNativeTarget;
			buildConfigurationList = 146AB2DA1B1467B600A1FF04 /* Build configuration list for PBXNativeTarget "S2Tests" */;
			buildPhases = (
				146AB2C91B1467B600A1FF04 /* Sources */,
				146AB2CA1B1467B600A1FF04 /* Frameworks */,
				146AB2CB1B1467B600A1FF04 /* Resources */,
			);
			buildRules = (
			);
			dependencies = (
				146AB2CF1B1467B600A1FF04 /* PBXTargetDependency */,
			);
			name = S2Tests;
			productName = S2Tests;
			productReference = 146AB2CD1B1467B600A1FF04 /* S2Tests.xctest */;
			productType = "com.apple.product-type.bundle.unit-test";
		};
/* End PBXNativeTarget section */

/* Begin PBXProject section */
		146AB2B01B1467B600A1FF04 /* Project object */ = {
			isa = PBXProject;
			attributes = {
				LastUpgradeCheck = 0630;
				ORGANIZATIONNAME = misuisui;
				TargetAttributes = {
					146AB2B71B1467B600A1FF04 = {
						CreatedOnToolsVersion = 6.3;
						DevelopmentTeam = 45PP2DW74T;
					};
					146AB2CC1B1467B600A1FF04 = {
						CreatedOnToolsVersion = 6.3;
						TestTargetID = 146AB2B71B1467B600A1FF04;
					};
				};
			};
			buildConfigurationList = 146AB2B31B1467B600A1FF04 /* Build configuration list for PBXProject "S2" */;
			compatibilityVersion = "Xcode 3.2";
			developmentRegion = English;
			hasScannedForEncodings = 0;
			knownRegions = (
				en,
				Base,
			);
			mainGroup = 146AB2AF1B1467B600A1FF04;
			productRefGroup = 146AB2B91B1467B600A1FF04 /* Products */;
			projectDirPath = "";
			projectRoot = "";
			targets = (
				146AB2B71B1467B600A1FF04 /* S2 */,
				146AB2CC1B1467B600A1FF04 /* S2Tests */,
			);
		};
/* End PBXProject section */

/* Begin PBXResourcesBuildPhase section */
		146AB2B61B1467B600A1FF04 /* Resources */ = {
			isa = PBXResourcesBuildPhase;
			buildActionMask = 2147483647;
			files = (
				146AB2C31B1467B600A1FF04 /* Main.storyboard in Resources */,
				146AB2C81B1467B600A1FF04 /* LaunchScreen.xib in Resources */,
				146AB2C51B1467B600A1FF04 /* Images.xcassets in Resources */,
			);
			runOnlyForDeploymentPostprocessing = 0;
		};
		146AB2CB1B1467B600A1FF04 /* Resources */ = {
			isa = PBXResourcesBuildPhase;
			buildActionMask = 2147483647;
			files = (
			);
			runOnlyForDeploymentPostprocessing = 0;
		};
/* End PBXResourcesBuildPhase section */

/* Begin PBXSourcesBuildPhase section */
		146AB2B41B1467B600A1FF04 /* Sources */ = {
			isa = PBXSourcesBuildPhase;
			buildActionMask = 2147483647;
			files = (
				146AB2C01B1467B600A1FF04 /* ChecklistViewController.swift in Sources */,
				140A98231B1F004F005034F0 /* AddItemViewController.swift in Sources */,
				142DEB481B1DA59500DC84DC /* ChecklistItem.swift in Sources */,
				146AB2BE1B1467B600A1FF04 /* AppDelegate.swift in Sources */,
			);
			runOnlyForDeploymentPostprocessing = 0;
		};
		146AB2C91B1467B600A1FF04 /* Sources */ = {
			isa = PBXSourcesBuildPhase;
			buildActionMask = 2147483647;
			files = (
				146AB2D41B1467B600A1FF04 /* S2Tests.swift in Sources */,
			);
			runOnlyForDeploymentPostprocessing = 0;
		};
/* End PBXSourcesBuildPhase section */

/* Begin PBXTargetDependency section */
		146AB2CF1B1467B600A1FF04 /* PBXTargetDependency */ = {
			isa = PBXTargetDependency;
			target = 146AB2B71B1467B600A1FF04 /* S2 */;
			targetProxy = 146AB2CE1B1467B600A1FF04 /* PBXContainerItemProxy */;
		};
/* End PBXTargetDependency section */

/* Begin PBXVariantGroup section */
		146AB2C11B1467B600A1FF04 /* Main.storyboard */ = {
			isa = PBXVariantGroup;
			children = (
				146AB2C21B1467B600A1FF04 /* Base */,
			);
			name = Main.storyboard;
			sourceTree = "<group>";
		};
		146AB2C61B1467B600A1FF04 /* LaunchScreen.xib */ = {
			isa = PBXVariantGroup;
			children = (
				146AB2C71B1467B600A1FF04 /* Base */,
			);
			name = LaunchScreen.xib;
			sourceTree = "<group>";
		};
/* End PBXVariantGroup section */

/* Begin XCBuildConfiguration section */
		146AB2D51B1467B600A1FF04 /* Debug */ = {
			isa = XCBuildConfiguration;
			buildSettings = {
				ALWAYS_SEARCH_USER_PATHS = NO;
				CLANG_CXX_LANGUAGE_STANDARD = "gnu++0x";
				CLANG_CXX_LIBRARY = "libc++";
				CLANG_ENABLE_MODULES = YES;
				CLANG_ENABLE_OBJC_ARC = YES;
				CLANG_WARN_BOOL_CONVERSION = YES;
				CLANG_WARN_CONSTANT_CONVERSION = YES;
				CLANG_WARN_DIRECT_OBJC_ISA_USAGE = YES_ERROR;
				CLANG_WARN_EMPTY_BODY = YES;
				CLANG_WARN_ENUM_CONVERSION = YES;
				CLANG_WARN_INT_CONVERSION = YES;
				CLANG_WARN_OBJC_ROOT_CLASS = YES_ERROR;
				CLANG_WARN_UNREACHABLE_CODE = YES;
				CLANG_WARN__DUPLICATE_METHOD_MATCH = YES;
				"CODE_SIGN_IDENTITY[sdk=iphoneos*]" = "iPhone Developer";
				COPY_PHASE_STRIP = NO;
				DEBUG_INFORMATION_FORMAT = "dwarf-with-dsym";
				ENABLE_STRICT_OBJC_MSGSEND = YES;
				GCC_C_LANGUAGE_STANDARD = gnu99;
				GCC_DYNAMIC_NO_PIC = NO;
				GCC_NO_COMMON_BLOCKS = YES;
				GCC_OPTIMIZATION_LEVEL = 0;
				GCC_PREPROCESSOR_DEFINITIONS = (
					"DEBUG=1",
					"$(inherited)",
				);
				GCC_SYMBOLS_PRIVATE_EXTERN = NO;
				GCC_WARN_64_TO_32_BIT_CONVERSION = YES;
				GCC_WARN_ABOUT_RETURN_TYPE = YES_ERROR;
				GCC_WARN_UNDECLARED_SELECTOR = YES;
				GCC_WARN_UNINITIALIZED_AUTOS = YES_AGGRESSIVE;
				GCC_WARN_UNUSED_FUNCTION = YES;
				GCC_WARN_UNUSED_VARIABLE = YES;
				IPHONEOS_DEPLOYMENT_TARGET = 8.3;
				MTL_ENABLE_DEBUG_INFO = YES;
				ONLY_ACTIVE_ARCH = YES;
				SDKROOT = iphoneos;
				SWIFT_OPTIMIZATION_LEVEL = "-Onone";
			};
			name = Debug;
		};
		146AB2D61B1467B600A1FF04 /* Release */ = {
			isa = XCBuildConfiguration;
			buildSettings = {
				ALWAYS_SEARCH_USER_PATHS = NO;
				CLANG_CXX_LANGUAGE_STANDARD = "gnu++0x";
				CLANG_CXX_LIBRARY = "libc++";
				CLANG_ENABLE_MODULES = YES;
				CLANG_ENABLE_OBJC_ARC = YES;
				CLANG_WARN_BOOL_CONVERSION = YES;
				CLANG_WARN_CONSTANT_CONVERSION = YES;
				CLANG_WARN_DIRECT_OBJC_ISA_USAGE = YES_ERROR;
				CLANG_WARN_EMPTY_BODY = YES;
				CLANG_WARN_ENUM_CONVERSION = YES;
				CLANG_WARN_INT_CONVERSION = YES;
				CLANG_WARN_OBJC_ROOT_CLASS = YES_ERROR;
				CLANG_WARN_UNREACHABLE_CODE = YES;
				CLANG_WARN__DUPLICATE_METHOD_MATCH = YES;
				"CODE_SIGN_IDENTITY[sdk=iphoneos*]" = "iPhone Developer";
				COPY_PHASE_STRIP = NO;
				DEBUG_INFORMATION_FORMAT = "dwarf-with-dsym";
				ENABLE_NS_ASSERTIONS = NO;
				ENABLE_STRICT_OBJC_MSGSEND = YES;
				GCC_C_LANGUAGE_STANDARD = gnu99;
				GCC_NO_COMMON_BLOCKS = YES;
				GCC_WARN_64_TO_32_BIT_CONVERSION = YES;
				GCC_WARN_ABOUT_RETURN_TYPE = YES_ERROR;
				GCC_WARN_UNDECLARED_SELECTOR = YES;
				GCC_WARN_UNINITIALIZED_AUTOS = YES_AGGRESSIVE;
				GCC_WARN_UNUSED_FUNCTION = YES;
				GCC_WARN_UNUSED_VARIABLE = YES;
				IPHONEOS_DEPLOYMENT_TARGET = 8.3;
				MTL_ENABLE_DEBUG_INFO = NO;
				SDKROOT = iphoneos;
				VALIDATE_PRODUCT = YES;
			};
			name = Release;
		};
		146AB2D81B1467B600A1FF04 /* Debug */ = {
			isa = XCBuildConfiguration;
			buildSettings = {
				ASSETCATALOG_COMPILER_APPICON_NAME = AppIcon;
				CODE_SIGN_IDENTITY = "iPhone Developer";
				"CODE_SIGN_IDENTITY[sdk=iphoneos*]" = "iPhone Developer";
				INFOPLIST_FILE = S2/Info.plist;
				LD_RUNPATH_SEARCH_PATHS = "$(inherited) @executable_path/Frameworks";
				PRODUCT_NAME = "$(TARGET_NAME)";
				PROVISIONING_PROFILE = "";
			};
			name = Debug;
		};
		146AB2D91B1467B600A1FF04 /* Release */ = {
			isa = XCBuildConfiguration;
			buildSettings = {
				ASSETCATALOG_COMPILER_APPICON_NAME = AppIcon;
				CODE_SIGN_IDENTITY = "iPhone Developer";
				"CODE_SIGN_IDENTITY[sdk=iphoneos*]" = "iPhone Developer";
				INFOPLIST_FILE = S2/Info.plist;
				LD_RUNPATH_SEARCH_PATHS = "$(inherited) @executable_path/Frameworks";
				PRODUCT_NAME = "$(TARGET_NAME)";
				PROVISIONING_PROFILE = "";
			};
			name = Release;
		};
		146AB2DB1B1467B600A1FF04 /* Debug */ = {
			isa = XCBuildConfiguration;
			buildSettings = {
				BUNDLE_LOADER = "$(TEST_HOST)";
				FRAMEWORK_SEARCH_PATHS = (
					"$(SDKROOT)/Developer/Library/Frameworks",
					"$(inherited)",
				);
				GCC_PREPROCESSOR_DEFINITIONS = (
					"DEBUG=1",
					"$(inherited)",
				);
				INFOPLIST_FILE = S2Tests/Info.plist;
				LD_RUNPATH_SEARCH_PATHS = "$(inherited) @executable_path/Frameworks @loader_path/Frameworks";
				PRODUCT_NAME = "$(TARGET_NAME)";
				TEST_HOST = "$(BUILT_PRODUCTS_DIR)/S2.app/S2";
			};
			name = Debug;
		};
		146AB2DC1B1467B600A1FF04 /* Release */ = {
			isa = XCBuildConfiguration;
			buildSettings = {
				BUNDLE_LOADER = "$(TEST_HOST)";
				FRAMEWORK_SEARCH_PATHS = (
					"$(SDKROOT)/Developer/Library/Frameworks",
					"$(inherited)",
				);
				INFOPLIST_FILE = S2Tests/Info.plist;
				LD_RUNPATH_SEARCH_PATHS = "$(inherited) @executable_path/Frameworks @loader_path/Frameworks";
				PRODUCT_NAME = "$(TARGET_NAME)";
				TEST_HOST = "$(BUILT_PRODUCTS_DIR)/S2.app/S2";
			};
			name = Release;
		};
/* End XCBuildConfiguration section */

/* Begin XCConfigurationList section */
		146AB2B31B1467B600A1FF04 /* Build configuration list for PBXProject "S2" */ = {
			isa = XCConfigurationList;
			buildConfigurations = (
				146AB2D51B1467B600A1FF04 /* Debug */,
				146AB2D61B1467B600A1FF04 /* Release */,
			);
			defaultConfigurationIsVisible = 0;
			defaultConfigurationName = Release;
		};
		146AB2D71B1467B600A1FF04 /* Build configuration list for PBXNativeTarget "S2" */ = {
			isa = XCConfigurationList;
			buildConfigurations = (
				146AB2D81B1467B600A1FF04 /* Debug */,
				146AB2D91B1467B600A1FF04 /* Release */,
			);
			defaultConfigurationIsVisible = 0;
			defaultConfigurationName = Release;
		};
		146AB2DA1B1467B600A1FF04 /* Build configuration list for PBXNativeTarget "S2Tests" */ = {
			isa = XCConfigurationList;
			buildConfigurations = (
				146AB2DB1B1467B600A1FF04 /* Debug */,
				146AB2DC1B1467B600A1FF04 /* Release */,
			);
			defaultConfigurationIsVisible = 0;
			defaultConfigurationName = Release;
		};
/* End XCConfigurationList section */
	};
	rootObject = 146AB2B01B1467B600A1FF04 /* Project object */;
}
